
Microsoft Visual Studio Solution File, Format Version 12.00
# Visual Studio Version 17
VisualStudioVersion = 17.7.34031.279
MinimumVisualStudioVersion = 10.0.40219.1
Project("{8BC9CEB8-8B4A-11D0-8D11-00A0C91BC942}") = "lab7.1.rec", "lab7.1.rec\lab7.1.rec.vcxproj", "{812F1207-EBA3-477E-8C67-CEB0ADEEBB6E}"
EndProject
Project("{8BC9CEB8-8B4A-11D0-8D11-00A0C91BC942}") = "UnitTest1", "UnitTest1\UnitTest1.vcxproj", "{C206BC44-2FC3-434E-B4E1-6F253764C037}"
EndProject
Global
	GlobalSection(SolutionConfigurationPlatforms) = preSolution
		Debug|x64 = Debug|x64
		Debug|x86 = Debug|x86
		Release|x64 = Release|x64
		Release|x86 = Release|x86
	EndGlobalSection
	GlobalSection(ProjectConfigurationPlatforms) = postSolution
		{812F1207-EBA3-477E-8C67-CEB0ADEEBB6E}.Debug|x64.ActiveCfg = Debug|x64
		{812F1207-EBA3-477E-8C67-CEB0ADEEBB6E}.Debug|x64.Build.0 = Debug|x64
		{812F1207-EBA3-477E-8C67-CEB0ADEEBB6E}.Debug|x86.ActiveCfg = Debug|Win32
		{812F1207-EBA3-477E-8C67-CEB0ADEEBB6E}.Debug|x86.Build.0 = Debug|Win32
		{812F1207-EBA3-477E-8C67-CEB0ADEEBB6E}.Release|x64.ActiveCfg = Release|x64
		{812F1207-EBA3-477E-8C67-CEB0ADEEBB6E}.Release|x64.Build.0 = Release|x64
		{812F1207-EBA3-477E-8C67-CEB0ADEEBB6E}.Release|x86.ActiveCfg = Release|Win32
		{812F1207-EBA3-477E-8C67-CEB0ADEEBB6E}.Release|x86.Build.0 = Release|Win32
		{C206BC44-2FC3-434E-B4E1-6F253764C037}.Debug|x64.ActiveCfg = Debug|x64
		{C206BC44-2FC3-434E-B4E1-6F253764C037}.Debug|x64.Build.0 = Debug|x64
		{C206BC44-2FC3-434E-B4E1-6F253764C037}.Debug|x86.ActiveCfg = Debug|Win32
		{C206BC44-2FC3-434E-B4E1-6F253764C037}.Debug|x86.Build.0 = Debug|Win32
		{C206BC44-2FC3-434E-B4E1-6F253764C037}.Release|x64.ActiveCfg = Release|x64
		{C206BC44-2FC3-434E-B4E1-6F253764C037}.Release|x64.Build.0 = Release|x64
		{C206BC44-2FC3-434E-B4E1-6F253764C037}.Release|x86.ActiveCfg = Release|Win32
		{C206BC44-2FC3-434E-B4E1-6F253764C037}.Release|x86.Build.0 = Release|Win32
	EndGlobalSection
	GlobalSection(SolutionProperties) = preSolution
		HideSolutionNode = FALSE
	EndGlobalSection
	GlobalSection(ExtensibilityGlobals) = postSolution
		SolutionGuid = {B808434F-A54F-4298-817A-EE28404AD533}
	EndGlobalSection
EndGlobal
